
Microsoft Visual Studio Solution File, Format Version 12.00
# Visual Studio Version 16
VisualStudioVersion = 16.0.33529.622
MinimumVisualStudioVersion = 10.0.40219.1
Project("{FAE04EC0-301F-11D3-BF4B-00C04F79EFBC}") = "OTPPROJECT", "OTPPROJECT\OTPPROJECT.csproj", "{80CFDC86-5943-4B52-AD4C-C0288A1901B2}"
EndProject
Global
	GlobalSection(SolutionConfigurationPlatforms) = preSolution
		Debug|Any CPU = Debug|Any CPU
		Release|Any CPU = Release|Any CPU
	EndGlobalSection
	GlobalSection(ProjectConfigurationPlatforms) = postSolution
		{80CFDC86-5943-4B52-AD4C-C0288A1901B2}.Debug|Any CPU.ActiveCfg = Debug|Any CPU
		{80CFDC86-5943-4B52-AD4C-C0288A1901B2}.Debug|Any CPU.Build.0 = Debug|Any CPU
		{80CFDC86-5943-4B52-AD4C-C0288A1901B2}.Release|Any CPU.ActiveCfg = Release|Any CPU
		{80CFDC86-5943-4B52-AD4C-C0288A1901B2}.Release|Any CPU.Build.0 = Release|Any CPU
	EndGlobalSection
	GlobalSection(SolutionProperties) = preSolution
		HideSolutionNode = FALSE
	EndGlobalSection
	GlobalSection(ExtensibilityGlobals) = postSolution
		SolutionGuid = {B9D3A79B-6D19-4CB1-9AFC-EDAF7579DE9E}
	EndGlobalSection
EndGlobal
